PODS:
  - libaom (1.0.1)
  - libavif (0.4.0):
    - libavif/libaom (= 0.4.0)
  - libavif/libaom (0.4.0):
    - libaom (>= 1.0.1)
  - libavif/libdav1d (0.4.0):
    - libavif/libaom
    - libdav1d (>= 0.4.0)
  - libdav1d (0.4.0)
  - SDWebImage (5.2.2):
    - SDWebImage/Core (= 5.2.2)
  - SDWebImage/Core (5.2.2)
  - SDWebImageAVIFCoder (0.4.1):
    - libavif (~> 0.4)
    - SDWebImage (~> 5.0)

DEPENDENCIES:
  - libavif/libaom
  - libavif/libdav1d
  - SDWebImageAVIFCoder (from `../`)

SPEC REPOS:
  https://github.com/cocoapods/specs.git:
    - libaom
    - libavif
    - libdav1d
    - SDWebImage

EXTERNAL SOURCES:
  SDWebImageAVIFCoder:
    :path: "../"

SPEC CHECKSUMS:
  libaom: 1e48c68559b8d6191c1a9f266e0bee83b2dd21fd
  libavif: 7f8a939f1773291bbafbd2a0fa08d7cacd014553
  libdav1d: 097f791c93d050b1cb6c0788fbe6c9024ceb3d7e
  SDWebImage: 5fcdb02cc35e05fc35791ec514b191d27189f872
  SDWebImageAVIFCoder: 8c71bf3d9405f556aea95432c0781786e61befe0

PODFILE CHECKSUM: 1daaa635bd369cbbf21bf2dd090f9adae3a762dc

COCOAPODS: 1.7.5
