{
  "object": {
    "pins": [
      {
        "package": "libaom",
        "repositoryURL": "https://github.com/SDWebImage/libaom-Xcode.git",
        "state": {
          "branch": null,
          "revision": "81e75e1663855b8b53f6e26ea1ae087ea8f6ccbc",
          "version": "1.0.2"
        }
      },
      {
        "package": "libavif",
        "repositoryURL": "https://github.com/SDWebImage/libavif-Xcode.git",
        "state": {
          "branch": null,
          "revision": "d02dedabc1bf50f415a11aabbe5ad876a01251e9",
          "version": "0.8.1"
        }
      },
      {
        "package": "SDWebImage",
        "repositoryURL": "https://github.com/SDWebImage/SDWebImage.git",
        "state": {
          "branch": null,
          "revision": "a6b6e44eadf0d39250c10a7cc0e3b91d0bdb0e94",
          "version": "5.10.4"
        }
      }
    ]
  },
  "version": 1
}
