{
  "object": {
    "pins": [
      {
        "package": "libaom",
        "repositoryURL": "https://github.com/SDWebImage/libaom-Xcode.git",
        "state": {
          "branch": null,
          "revision": "b00c20d10f13608c7579aad1f849e0f815d4d3a8",
          "version": "3.0.0"
        }
      },
      {
        "package": "libavif",
        "repositoryURL": "https://github.com/SDWebImage/libavif-Xcode.git",
        "state": {
          "branch": null,
          "revision": "0dc978b08b9bf8b7d1b505f1cb15218e8f637a6c",
          "version": "1.0.0"
        }
      },
      {
        "package": "libvmaf",
        "repositoryURL": "https://github.com/SDWebImage/libvmaf-Xcode.git",
        "state": {
          "branch": null,
          "revision": "41db5dc11d05c02d1aca7de0b572a068f528c37c",
          "version": "2.3.1"
        }
      },
      {
        "package": "SDWebImage",
        "repositoryURL": "https://github.com/SDWebImage/SDWebImage.git",
        "state": {
          "branch": null,
          "revision": "36e79ba485e9bb4d3cd4e3318908866dac5e7b51",
          "version": "5.21.5"
        }
      }
    ]
  },
  "version": 1
}
