{
  "object": {
    "pins": [
      {
        "package": "libaom",
        "repositoryURL": "https://github.com/SDWebImage/libaom-Xcode.git",
        "state": {
          "branch": null,
          "revision": "81e75e1663855b8b53f6e26ea1ae087ea8f6ccbc",
          "version": "1.0.2"
        }
      },
      {
        "package": "libavif",
        "repositoryURL": "https://github.com/SDWebImage/libavif-Xcode.git",
        "state": {
          "branch": null,
          "revision": "9eac0474b8a1f69332865c3a85c101e953cc3a59",
          "version": "0.6.0"
        }
      },
      {
        "package": "SDWebImage",
        "repositoryURL": "https://github.com/SDWebImage/SDWebImage.git",
        "state": {
          "branch": null,
          "revision": "2dcf1b65994d92ef8806f52dc41aa6fdd677489c",
          "version": "5.6.1"
        }
      }
    ]
  },
  "version": 1
}
